// !$*UTF8*$!
{
	archiveVersion = 1;
	classes = {
	};
	objectVersion = 50;
	objects = {

/* Begin PBXBuildFile section */
		4E57F7812490F17900ED60E5 /* AppDelegate.swift in Sources */ = {isa = PBXBuildFile; fileRef = 4E57F7802490F17900ED60E5 /* AppDelegate.swift */; };
		4E57F7832490F17900ED60E5 /* SceneDelegate.swift in Sources */ = {isa = PBXBuildFile; fileRef = 4E57F7822490F17900ED60E5 /* SceneDelegate.swift */; };
		4E57F7852490F17900ED60E5 /* MainView.swift in Sources */ = {isa = PBXBuildFile; fileRef = 4E57F7842490F17900ED60E5 /* MainView.swift */; };
		4E57F7872490F17A00ED60E5 /* Assets.xcassets in Resources */ = {isa = PBXBuildFile; fileRef = 4E57F7862490F17A00ED60E5 /* Assets.xcassets */; };
		4E57F78A2490F17A00ED60E5 /* Preview Assets.xcassets in Resources */ = {isa = PBXBuildFile; fileRef = 4E57F7892490F17A00ED60E5 /* Preview Assets.xcassets */; };
		4E57F78D2490F17A00ED60E5 /* LaunchScreen.storyboard in Resources */ = {isa = PBXBuildFile; fileRef = 4E57F78B2490F17A00ED60E5 /* LaunchScreen.storyboard */; };
		4E57F7992490F50500ED60E5 /* CustomWebView.swift in Sources */ = {isa = PBXBuildFile; fileRef = 4E57F7982490F50500ED60E5 /* CustomWebView.swift */; };
		4E57F79B2490FBE900ED60E5 /* NOTES.txt in Resources */ = {isa = PBXBuildFile; fileRef = 4E57F79A2490FBE900ED60E5 /* NOTES.txt */; };
		4E57F79E2491329600ED60E5 /* JavascriptBridgeImpl.swift in Sources */ = {isa = PBXBuildFile; fileRef = 4E57F79D2491329600ED60E5 /* JavascriptBridgeImpl.swift */; };
		4E57F7A0249138AB00ED60E5 /* JavascriptBridge.swift in Sources */ = {isa = PBXBuildFile; fileRef = 4E57F79F249138AB00ED60E5 /* JavascriptBridge.swift */; };
		4E57F7A42491468900ED60E5 /* mobile_config_localapi.json in Resources */ = {isa = PBXBuildFile; fileRef = 4E57F7A22491468900ED60E5 /* mobile_config_localapi.json */; };
		4E57F7A52491468900ED60E5 /* mobile_config.json in Resources */ = {isa = PBXBuildFile; fileRef = 4E57F7A32491468900ED60E5 /* mobile_config.json */; };
		4E57F7AB2491472900ED60E5 /* ConfigurationLoader.swift in Sources */ = {isa = PBXBuildFile; fileRef = 4E57F7A72491472900ED60E5 /* ConfigurationLoader.swift */; };
		4E57F7AC2491472900ED60E5 /* AppConfiguration.swift in Sources */ = {isa = PBXBuildFile; fileRef = 4E57F7A82491472900ED60E5 /* AppConfiguration.swift */; };
		4E57F7AD2491472900ED60E5 /* OAuthConfiguration.swift in Sources */ = {isa = PBXBuildFile; fileRef = 4E57F7A92491472900ED60E5 /* OAuthConfiguration.swift */; };
		4E57F7AE2491472900ED60E5 /* Configuration.swift in Sources */ = {isa = PBXBuildFile; fileRef = 4E57F7AA2491472900ED60E5 /* Configuration.swift */; };
		4E57F7B2249147AD00ED60E5 /* ErrorCodes.swift in Sources */ = {isa = PBXBuildFile; fileRef = 4E57F7B0249147AD00ED60E5 /* ErrorCodes.swift */; };
		4E57F7B3249147AD00ED60E5 /* ErrorHandler.swift in Sources */ = {isa = PBXBuildFile; fileRef = 4E57F7B1249147AD00ED60E5 /* ErrorHandler.swift */; };
		4E57F7B52491480C00ED60E5 /* UIError.swift in Sources */ = {isa = PBXBuildFile; fileRef = 4E57F7B42491480C00ED60E5 /* UIError.swift */; };
		4E57F7B92491489300ED60E5 /* DateUtils.swift in Sources */ = {isa = PBXBuildFile; fileRef = 4E57F7B82491489200ED60E5 /* DateUtils.swift */; };
		4E57F7BC2491495D00ED60E5 /* Cartfile in Resources */ = {isa = PBXBuildFile; fileRef = 4E57F7BA2491495D00ED60E5 /* Cartfile */; };
		4E57F7BD2491495D00ED60E5 /* Cartfile.resolved in Resources */ = {isa = PBXBuildFile; fileRef = 4E57F7BB2491495D00ED60E5 /* Cartfile.resolved */; };
		4E57F7C024914AE200ED60E5 /* AppAuth.framework in Frameworks */ = {isa = PBXBuildFile; fileRef = 4E57F7BF24914AE200ED60E5 /* AppAuth.framework */; };
		4E57F7C224914AF500ED60E5 /* SwiftCoroutine.framework in Frameworks */ = {isa = PBXBuildFile; fileRef = 4E57F7C124914AF500ED60E5 /* SwiftCoroutine.framework */; };
		4E57F7C424914AFC00ED60E5 /* SwiftKeychainWrapper.framework in Frameworks */ = {isa = PBXBuildFile; fileRef = 4E57F7C324914AFC00ED60E5 /* SwiftKeychainWrapper.framework */; };
		4E57F7C824914BED00ED60E5 /* .swiftlint.yml in Resources */ = {isa = PBXBuildFile; fileRef = 4E57F7C724914BED00ED60E5 /* .swiftlint.yml */; };
/* End PBXBuildFile section */

/* Begin PBXFileReference section */
		4E57F77D2490F17900ED60E5 /* Demo.app */ = {isa = PBXFileReference; explicitFileType = wrapper.application; includeInIndex = 0; path = Demo.app; sourceTree = BUILT_PRODUCTS_DIR; };
		4E57F7802490F17900ED60E5 /* AppDelegate.swift */ = {isa = PBXFileReference; lastKnownFileType = sourcecode.swift; path = AppDelegate.swift; sourceTree = "<group>"; };
		4E57F7822490F17900ED60E5 /* SceneDelegate.swift */ = {isa = PBXFileReference; lastKnownFileType = sourcecode.swift; path = SceneDelegate.swift; sourceTree = "<group>"; };
		4E57F7842490F17900ED60E5 /* MainView.swift */ = {isa = PBXFileReference; lastKnownFileType = sourcecode.swift; path = MainView.swift; sourceTree = "<group>"; };
		4E57F7862490F17A00ED60E5 /* Assets.xcassets */ = {isa = PBXFileReference; lastKnownFileType = folder.assetcatalog; path = Assets.xcassets; sourceTree = "<group>"; };
		4E57F7892490F17A00ED60E5 /* Preview Assets.xcassets */ = {isa = PBXFileReference; lastKnownFileType = folder.assetcatalog; path = "Preview Assets.xcassets"; sourceTree = "<group>"; };
		4E57F78C2490F17A00ED60E5 /* Base */ = {isa = PBXFileReference; lastKnownFileType = file.storyboard; name = Base; path = Base.lproj/LaunchScreen.storyboard; sourceTree = "<group>"; };
		4E57F78E2490F17A00ED60E5 /* Info.plist */ = {isa = PBXFileReference; lastKnownFileType = text.plist.xml; path = Info.plist; sourceTree = "<group>"; };
		4E57F7982490F50500ED60E5 /* CustomWebView.swift */ = {isa = PBXFileReference; lastKnownFileType = sourcecode.swift; path = CustomWebView.swift; sourceTree = "<group>"; };
		4E57F79A2490FBE900ED60E5 /* NOTES.txt */ = {isa = PBXFileReference; lastKnownFileType = text; path = NOTES.txt; sourceTree = "<group>"; };
		4E57F79D2491329600ED60E5 /* JavascriptBridgeImpl.swift */ = {isa = PBXFileReference; lastKnownFileType = sourcecode.swift; path = JavascriptBridgeImpl.swift; sourceTree = "<group>"; };
		4E57F79F249138AB00ED60E5 /* JavascriptBridge.swift */ = {isa = PBXFileReference; lastKnownFileType = sourcecode.swift; path = JavascriptBridge.swift; sourceTree = "<group>"; };
		4E57F7A22491468900ED60E5 /* mobile_config_localapi.json */ = {isa = PBXFileReference; fileEncoding = 4; lastKnownFileType = text.json; path = mobile_config_localapi.json; sourceTree = "<group>"; };
		4E57F7A32491468900ED60E5 /* mobile_config.json */ = {isa = PBXFileReference; fileEncoding = 4; lastKnownFileType = text.json; path = mobile_config.json; sourceTree = "<group>"; };
		4E57F7A72491472900ED60E5 /* ConfigurationLoader.swift */ = {isa = PBXFileReference; fileEncoding = 4; lastKnownFileType = sourcecode.swift; path = ConfigurationLoader.swift; sourceTree = "<group>"; };
		4E57F7A82491472900ED60E5 /* AppConfiguration.swift */ = {isa = PBXFileReference; fileEncoding = 4; lastKnownFileType = sourcecode.swift; path = AppConfiguration.swift; sourceTree = "<group>"; };
		4E57F7A92491472900ED60E5 /* OAuthConfiguration.swift */ = {isa = PBXFileReference; fileEncoding = 4; lastKnownFileType = sourcecode.swift; path = OAuthConfiguration.swift; sourceTree = "<group>"; };
		4E57F7AA2491472900ED60E5 /* Configuration.swift */ = {isa = PBXFileReference; fileEncoding = 4; lastKnownFileType = sourcecode.swift; path = Configuration.swift; sourceTree = "<group>"; };
		4E57F7B0249147AD00ED60E5 /* ErrorCodes.swift */ = {isa = PBXFileReference; fileEncoding = 4; lastKnownFileType = sourcecode.swift; path = ErrorCodes.swift; sourceTree = "<group>"; };
		4E57F7B1249147AD00ED60E5 /* ErrorHandler.swift */ = {isa = PBXFileReference; fileEncoding = 4; lastKnownFileType = sourcecode.swift; path = ErrorHandler.swift; sourceTree = "<group>"; };
		4E57F7B42491480C00ED60E5 /* UIError.swift */ = {isa = PBXFileReference; fileEncoding = 4; lastKnownFileType = sourcecode.swift; path = UIError.swift; sourceTree = "<group>"; };
		4E57F7B82491489200ED60E5 /* DateUtils.swift */ = {isa = PBXFileReference; fileEncoding = 4; lastKnownFileType = sourcecode.swift; path = DateUtils.swift; sourceTree = "<group>"; };
		4E57F7BA2491495D00ED60E5 /* Cartfile */ = {isa = PBXFileReference; fileEncoding = 4; lastKnownFileType = text; path = Cartfile; sourceTree = SOURCE_ROOT; };
		4E57F7BB2491495D00ED60E5 /* Cartfile.resolved */ = {isa = PBXFileReference; lastKnownFileType = file; path = Cartfile.resolved; sourceTree = SOURCE_ROOT; };
		4E57F7BF24914AE200ED60E5 /* AppAuth.framework */ = {isa = PBXFileReference; lastKnownFileType = wrapper.framework; name = AppAuth.framework; path = Carthage/Build/iOS/AppAuth.framework; sourceTree = SOURCE_ROOT; };
		4E57F7C124914AF500ED60E5 /* SwiftCoroutine.framework */ = {isa = PBXFileReference; lastKnownFileType = wrapper.framework; name = SwiftCoroutine.framework; path = Carthage/Build/iOS/SwiftCoroutine.framework; sourceTree = SOURCE_ROOT; };
		4E57F7C324914AFC00ED60E5 /* SwiftKeychainWrapper.framework */ = {isa = PBXFileReference; lastKnownFileType = wrapper.framework; name = SwiftKeychainWrapper.framework; path = Carthage/Build/iOS/SwiftKeychainWrapper.framework; sourceTree = SOURCE_ROOT; };
		4E57F7C724914BED00ED60E5 /* .swiftlint.yml */ = {isa = PBXFileReference; fileEncoding = 4; lastKnownFileType = text.yaml; path = .swiftlint.yml; sourceTree = "<group>"; };
/* End PBXFileReference section */

/* Begin PBXFrameworksBuildPhase section */
		4E57F77A2490F17900ED60E5 /* Frameworks */ = {
			isa = PBXFrameworksBuildPhase;
			buildActionMask = 2147483647;
			files = (
				4E57F7C424914AFC00ED60E5 /* SwiftKeychainWrapper.framework in Frameworks */,
				4E57F7C024914AE200ED60E5 /* AppAuth.framework in Frameworks */,
				4E57F7C224914AF500ED60E5 /* SwiftCoroutine.framework in Frameworks */,
			);
			runOnlyForDeploymentPostprocessing = 0;
		};
/* End PBXFrameworksBuildPhase section */

/* Begin PBXGroup section */
		4E57F7742490F17900ED60E5 = {
			isa = PBXGroup;
			children = (
				4E57F7942490F20600ED60E5 /* Source */,
				4E57F7BE24914AA600ED60E5 /* Frameworks */,
				4E57F7A32491468900ED60E5 /* mobile_config.json */,
				4E57F7A22491468900ED60E5 /* mobile_config_localapi.json */,
				4E57F7BA2491495D00ED60E5 /* Cartfile */,
				4E57F7BB2491495D00ED60E5 /* Cartfile.resolved */,
				4E57F7C724914BED00ED60E5 /* .swiftlint.yml */,
				4E57F79A2490FBE900ED60E5 /* NOTES.txt */,
				4E57F7862490F17A00ED60E5 /* Assets.xcassets */,
				4E57F78E2490F17A00ED60E5 /* Info.plist */,
				4E57F78B2490F17A00ED60E5 /* LaunchScreen.storyboard */,
				4E57F77E2490F17900ED60E5 /* Products */,
				4E57F7882490F17A00ED60E5 /* Preview Content */,
			);
			sourceTree = "<group>";
		};
		4E57F77E2490F17900ED60E5 /* Products */ = {
			isa = PBXGroup;
			children = (
				4E57F77D2490F17900ED60E5 /* Demo.app */,
			);
			name = Products;
			sourceTree = "<group>";
		};
		4E57F7882490F17A00ED60E5 /* Preview Content */ = {
			isa = PBXGroup;
			children = (
				4E57F7892490F17A00ED60E5 /* Preview Assets.xcassets */,
			);
			path = "Preview Content";
			sourceTree = "<group>";
		};
		4E57F7942490F20600ED60E5 /* Source */ = {
			isa = PBXGroup;
			children = (
				4E57F7952490F21F00ED60E5 /* App */,
				4E57F7A62491472900ED60E5 /* Configuration */,
				4E57F79C24910BC300ED60E5 /* Plumbing */,
				4E57F7962490F25800ED60E5 /* Views */,
			);
			path = Source;
			sourceTree = "<group>";
		};
		4E57F7952490F21F00ED60E5 /* App */ = {
			isa = PBXGroup;
			children = (
				4E57F7802490F17900ED60E5 /* AppDelegate.swift */,
				4E57F7822490F17900ED60E5 /* SceneDelegate.swift */,
			);
			path = App;
			sourceTree = "<group>";
		};
		4E57F7962490F25800ED60E5 /* Views */ = {
			isa = PBXGroup;
			children = (
				4E57F7972490F4F300ED60E5 /* Utilities */,
				4E57F7842490F17900ED60E5 /* MainView.swift */,
			);
			path = Views;
			sourceTree = "<group>";
		};
		4E57F7972490F4F300ED60E5 /* Utilities */ = {
			isa = PBXGroup;
			children = (
				4E57F7982490F50500ED60E5 /* CustomWebView.swift */,
			);
			path = Utilities;
			sourceTree = "<group>";
		};
		4E57F79C24910BC300ED60E5 /* Plumbing */ = {
			isa = PBXGroup;
			children = (
				4E57F7AF2491476300ED60E5 /* Errors */,
				4E57F7A12491418C00ED60E5 /* Interop */,
				4E57F7B72491486C00ED60E5 /* Utilities */,
			);
			path = Plumbing;
			sourceTree = "<group>";
		};
		4E57F7A12491418C00ED60E5 /* Interop */ = {
			isa = PBXGroup;
			children = (
				4E57F79F249138AB00ED60E5 /* JavascriptBridge.swift */,
				4E57F79D2491329600ED60E5 /* JavascriptBridgeImpl.swift */,
			);
			path = Interop;
			sourceTree = "<group>";
		};
		4E57F7A62491472900ED60E5 /* Configuration */ = {
			isa = PBXGroup;
			children = (
				4E57F7A82491472900ED60E5 /* AppConfiguration.swift */,
				4E57F7AA2491472900ED60E5 /* Configuration.swift */,
				4E57F7A72491472900ED60E5 /* ConfigurationLoader.swift */,
				4E57F7A92491472900ED60E5 /* OAuthConfiguration.swift */,
			);
			name = Configuration;
			path = Source/Configuration;
			sourceTree = SOURCE_ROOT;
		};
		4E57F7AF2491476300ED60E5 /* Errors */ = {
			isa = PBXGroup;
			children = (
				4E57F7B0249147AD00ED60E5 /* ErrorCodes.swift */,
				4E57F7B1249147AD00ED60E5 /* ErrorHandler.swift */,
				4E57F7B42491480C00ED60E5 /* UIError.swift */,
			);
			path = Errors;
			sourceTree = "<group>";
		};
		4E57F7B72491486C00ED60E5 /* Utilities */ = {
			isa = PBXGroup;
			children = (
				4E57F7B82491489200ED60E5 /* DateUtils.swift */,
			);
			path = Utilities;
			sourceTree = "<group>";
		};
		4E57F7BE24914AA600ED60E5 /* Frameworks */ = {
			isa = PBXGroup;
			children = (
				4E57F7BF24914AE200ED60E5 /* AppAuth.framework */,
				4E57F7C124914AF500ED60E5 /* SwiftCoroutine.framework */,
				4E57F7C324914AFC00ED60E5 /* SwiftKeychainWrapper.framework */,
			);
			path = Frameworks;
			sourceTree = "<group>";
		};
/* End PBXGroup section */

/* Begin PBXNativeTarget section */
		4E57F77C2490F17900ED60E5 /* mobilewebview */ = {
			isa = PBXNativeTarget;
			buildConfigurationList = 4E57F7912490F17A00ED60E5 /* Build configuration list for PBXNativeTarget "mobilewebview" */;
			buildPhases = (
				4E57F7792490F17900ED60E5 /* Sources */,
				4E57F77A2490F17900ED60E5 /* Frameworks */,
				4E57F77B2490F17900ED60E5 /* Resources */,
				4E57F7C524914B3E00ED60E5 /* ShellScript */,
				4E57F7C624914B5A00ED60E5 /* ShellScript */,
			);
			buildRules = (
			);
			dependencies = (
			);
			name = mobilewebview;
			productName = "Mobile WebView Demo";
			productReference = 4E57F77D2490F17900ED60E5 /* Demo.app */;
			productType = "com.apple.product-type.application";
		};
/* End PBXNativeTarget section */

/* Begin PBXProject section */
		4E57F7752490F17900ED60E5 /* Project object */ = {
			isa = PBXProject;
			attributes = {
				LastSwiftUpdateCheck = 1150;
				LastUpgradeCheck = 1150;
				ORGANIZATIONNAME = authguidance.com;
				TargetAttributes = {
					4E57F77C2490F17900ED60E5 = {
						CreatedOnToolsVersion = 11.5;
					};
				};
			};
			buildConfigurationList = 4E57F7782490F17900ED60E5 /* Build configuration list for PBXProject "mobilewebview" */;
			compatibilityVersion = "Xcode 9.3";
			developmentRegion = en;
			hasScannedForEncodings = 0;
			knownRegions = (
				en,
				Base,
			);
			mainGroup = 4E57F7742490F17900ED60E5;
			productRefGroup = 4E57F77E2490F17900ED60E5 /* Products */;
			projectDirPath = "";
			projectRoot = "";
			targets = (
				4E57F77C2490F17900ED60E5 /* mobilewebview */,
			);
		};
/* End PBXProject section */

/* Begin PBXResourcesBuildPhase section */
		4E57F77B2490F17900ED60E5 /* Resources */ = {
			isa = PBXResourcesBuildPhase;
			buildActionMask = 2147483647;
			files = (
				4E57F7C824914BED00ED60E5 /* .swiftlint.yml in Resources */,
				4E57F7BC2491495D00ED60E5 /* Cartfile in Resources */,
				4E57F7A42491468900ED60E5 /* mobile_config_localapi.json in Resources */,
				4E57F79B2490FBE900ED60E5 /* NOTES.txt in Resources */,
				4E57F78D2490F17A00ED60E5 /* LaunchScreen.storyboard in Resources */,
				4E57F78A2490F17A00ED60E5 /* Preview Assets.xcassets in Resources */,
				4E57F7BD2491495D00ED60E5 /* Cartfile.resolved in Resources */,
				4E57F7872490F17A00ED60E5 /* Assets.xcassets in Resources */,
				4E57F7A52491468900ED60E5 /* mobile_config.json in Resources */,
			);
			runOnlyForDeploymentPostprocessing = 0;
		};
/* End PBXResourcesBuildPhase section */

/* Begin PBXShellScriptBuildPhase section */
		4E57F7C524914B3E00ED60E5 /* ShellScript */ = {
			isa = PBXShellScriptBuildPhase;
			buildActionMask = 2147483647;
			files = (
			);
			inputFileListPaths = (
			);
			inputPaths = (
			);
			outputFileListPaths = (
			);
			outputPaths = (
			);
			runOnlyForDeploymentPostprocessing = 0;
			shellPath = /bin/sh;
			shellScript = "swiftlint\n";
		};
		4E57F7C624914B5A00ED60E5 /* ShellScript */ = {
			isa = PBXShellScriptBuildPhase;
			buildActionMask = 2147483647;
			files = (
			);
			inputFileListPaths = (
			);
			inputPaths = (
				"$(SRCROOT)/Carthage/Build/iOS/AppAuth.framework",
				"$(SRCROOT)/Carthage/Build/iOS/SwiftCoroutine.framework",
				"$(SRCROOT)/Carthage/Build/iOS/SwiftKeychainWrapper.framework",
			);
			outputFileListPaths = (
			);
			outputPaths = (
			);
			runOnlyForDeploymentPostprocessing = 0;
			shellPath = /bin/sh;
			shellScript = "/usr/local/bin/carthage copy-frameworks\n";
		};
/* End PBXShellScriptBuildPhase section */

/* Begin PBXSourcesBuildPhase section */
		4E57F7792490F17900ED60E5 /* Sources */ = {
			isa = PBXSourcesBuildPhase;
			buildActionMask = 2147483647;
			files = (
				4E57F7812490F17900ED60E5 /* AppDelegate.swift in Sources */,
				4E57F7B52491480C00ED60E5 /* UIError.swift in Sources */,
				4E57F7A0249138AB00ED60E5 /* JavascriptBridge.swift in Sources */,
				4E57F7AC2491472900ED60E5 /* AppConfiguration.swift in Sources */,
				4E57F7992490F50500ED60E5 /* CustomWebView.swift in Sources */,
				4E57F79E2491329600ED60E5 /* JavascriptBridgeImpl.swift in Sources */,
				4E57F7AD2491472900ED60E5 /* OAuthConfiguration.swift in Sources */,
				4E57F7AE2491472900ED60E5 /* Configuration.swift in Sources */,
				4E57F7AB2491472900ED60E5 /* ConfigurationLoader.swift in Sources */,
				4E57F7832490F17900ED60E5 /* SceneDelegate.swift in Sources */,
				4E57F7B3249147AD00ED60E5 /* ErrorHandler.swift in Sources */,
				4E57F7B92491489300ED60E5 /* DateUtils.swift in Sources */,
				4E57F7852490F17900ED60E5 /* MainView.swift in Sources */,
				4E57F7B2249147AD00ED60E5 /* ErrorCodes.swift in Sources */,
			);
			runOnlyForDeploymentPostprocessing = 0;
		};
/* End PBXSourcesBuildPhase section */

/* Begin PBXVariantGroup section */
		4E57F78B2490F17A00ED60E5 /* LaunchScreen.storyboard */ = {
			isa = PBXVariantGroup;
			children = (
				4E57F78C2490F17A00ED60E5 /* Base */,
			);
			name = LaunchScreen.storyboard;
			sourceTree = "<group>";
		};
/* End PBXVariantGroup section */

/* Begin XCBuildConfiguration section */
		4E57F78F2490F17A00ED60E5 /* Debug */ = {
			isa = XCBuildConfiguration;
			buildSettings = {
				ALWAYS_SEARCH_USER_PATHS = NO;
				CLANG_ANALYZER_NONNULL = YES;
				CLANG_ANALYZER_NUMBER_OBJECT_CONVERSION = YES_AGGRESSIVE;
				CLANG_CXX_LANGUAGE_STANDARD = "gnu++14";
				CLANG_CXX_LIBRARY = "libc++";
				CLANG_ENABLE_MODULES = YES;
				CLANG_ENABLE_OBJC_ARC = YES;
				CLANG_ENABLE_OBJC_WEAK = YES;
				CLANG_WARN_BLOCK_CAPTURE_AUTORELEASING = YES;
				CLANG_WARN_BOOL_CONVERSION = YES;
				CLANG_WARN_COMMA = YES;
				CLANG_WARN_CONSTANT_CONVERSION = YES;
				CLANG_WARN_DEPRECATED_OBJC_IMPLEMENTATIONS = YES;
				CLANG_WARN_DIRECT_OBJC_ISA_USAGE = YES_ERROR;
				CLANG_WARN_DOCUMENTATION_COMMENTS = YES;
				CLANG_WARN_EMPTY_BODY = YES;
				CLANG_WARN_ENUM_CONVERSION = YES;
				CLANG_WARN_INFINITE_RECURSION = YES;
				CLANG_WARN_INT_CONVERSION = YES;
				CLANG_WARN_NON_LITERAL_NULL_CONVERSION = YES;
				CLANG_WARN_OBJC_IMPLICIT_RETAIN_SELF = YES;
				CLANG_WARN_OBJC_LITERAL_CONVERSION = YES;
				CLANG_WARN_OBJC_ROOT_CLASS = YES_ERROR;
				CLANG_WARN_RANGE_LOOP_ANALYSIS = YES;
				CLANG_WARN_STRICT_PROTOTYPES = YES;
				CLANG_WARN_SUSPICIOUS_MOVE = YES;
				CLANG_WARN_UNGUARDED_AVAILABILITY = YES_AGGRESSIVE;
				CLANG_WARN_UNREACHABLE_CODE = YES;
				CLANG_WARN__DUPLICATE_METHOD_MATCH = YES;
				COPY_PHASE_STRIP = NO;
				DEBUG_INFORMATION_FORMAT = dwarf;
				ENABLE_STRICT_OBJC_MSGSEND = YES;
				ENABLE_TESTABILITY = YES;
				GCC_C_LANGUAGE_STANDARD = gnu11;
				GCC_DYNAMIC_NO_PIC = NO;
				GCC_NO_COMMON_BLOCKS = YES;
				GCC_OPTIMIZATION_LEVEL = 0;
				GCC_PREPROCESSOR_DEFINITIONS = (
					"DEBUG=1",
					"$(inherited)",
				);
				GCC_WARN_64_TO_32_BIT_CONVERSION = YES;
				GCC_WARN_ABOUT_RETURN_TYPE = YES_ERROR;
				GCC_WARN_UNDECLARED_SELECTOR = YES;
				GCC_WARN_UNINITIALIZED_AUTOS = YES_AGGRESSIVE;
				GCC_WARN_UNUSED_FUNCTION = YES;
				GCC_WARN_UNUSED_VARIABLE = YES;
				IPHONEOS_DEPLOYMENT_TARGET = 13.5;
				MTL_ENABLE_DEBUG_INFO = INCLUDE_SOURCE;
				MTL_FAST_MATH = YES;
				ONLY_ACTIVE_ARCH = YES;
				SDKROOT = iphoneos;
				SWIFT_ACTIVE_COMPILATION_CONDITIONS = DEBUG;
				SWIFT_OPTIMIZATION_LEVEL = "-Onone";
			};
			name = Debug;
		};
		4E57F7902490F17A00ED60E5 /* Release */ = {
			isa = XCBuildConfiguration;
			buildSettings = {
				ALWAYS_SEARCH_USER_PATHS = NO;
				CLANG_ANALYZER_NONNULL = YES;
				CLANG_ANALYZER_NUMBER_OBJECT_CONVERSION = YES_AGGRESSIVE;
				CLANG_CXX_LANGUAGE_STANDARD = "gnu++14";
				CLANG_CXX_LIBRARY = "libc++";
				CLANG_ENABLE_MODULES = YES;
				CLANG_ENABLE_OBJC_ARC = YES;
				CLANG_ENABLE_OBJC_WEAK = YES;
				CLANG_WARN_BLOCK_CAPTURE_AUTORELEASING = YES;
				CLANG_WARN_BOOL_CONVERSION = YES;
				CLANG_WARN_COMMA = YES;
				CLANG_WARN_CONSTANT_CONVERSION = YES;
				CLANG_WARN_DEPRECATED_OBJC_IMPLEMENTATIONS = YES;
				CLANG_WARN_DIRECT_OBJC_ISA_USAGE = YES_ERROR;
				CLANG_WARN_DOCUMENTATION_COMMENTS = YES;
				CLANG_WARN_EMPTY_BODY = YES;
				CLANG_WARN_ENUM_CONVERSION = YES;
				CLANG_WARN_INFINITE_RECURSION = YES;
				CLANG_WARN_INT_CONVERSION = YES;
				CLANG_WARN_NON_LITERAL_NULL_CONVERSION = YES;
				CLANG_WARN_OBJC_IMPLICIT_RETAIN_SELF = YES;
				CLANG_WARN_OBJC_LITERAL_CONVERSION = YES;
				CLANG_WARN_OBJC_ROOT_CLASS = YES_ERROR;
				CLANG_WARN_RANGE_LOOP_ANALYSIS = YES;
				CLANG_WARN_STRICT_PROTOTYPES = YES;
				CLANG_WARN_SUSPICIOUS_MOVE = YES;
				CLANG_WARN_UNGUARDED_AVAILABILITY = YES_AGGRESSIVE;
				CLANG_WARN_UNREACHABLE_CODE = YES;
				CLANG_WARN__DUPLICATE_METHOD_MATCH = YES;
				COPY_PHASE_STRIP = NO;
				DEBUG_INFORMATION_FORMAT = "dwarf-with-dsym";
				ENABLE_NS_ASSERTIONS = NO;
				ENABLE_STRICT_OBJC_MSGSEND = YES;
				GCC_C_LANGUAGE_STANDARD = gnu11;
				GCC_NO_COMMON_BLOCKS = YES;
				GCC_WARN_64_TO_32_BIT_CONVERSION = YES;
				GCC_WARN_ABOUT_RETURN_TYPE = YES_ERROR;
				GCC_WARN_UNDECLARED_SELECTOR = YES;
				GCC_WARN_UNINITIALIZED_AUTOS = YES_AGGRESSIVE;
				GCC_WARN_UNUSED_FUNCTION = YES;
				GCC_WARN_UNUSED_VARIABLE = YES;
				IPHONEOS_DEPLOYMENT_TARGET = 13.5;
				MTL_ENABLE_DEBUG_INFO = NO;
				MTL_FAST_MATH = YES;
				SDKROOT = iphoneos;
				SWIFT_COMPILATION_MODE = wholemodule;
				SWIFT_OPTIMIZATION_LEVEL = "-O";
				VALIDATE_PRODUCT = YES;
			};
			name = Release;
		};
		4E57F7922490F17A00ED60E5 /* Debug */ = {
			isa = XCBuildConfiguration;
			buildSettings = {
				ASSETCATALOG_COMPILER_APPICON_NAME = AppIcon;
				CODE_SIGN_STYLE = Automatic;
				DEVELOPMENT_ASSET_PATHS = "\"Preview Content\"";
				ENABLE_PREVIEWS = YES;
				FRAMEWORK_SEARCH_PATHS = (
					"$(inherited)",
					"$(PROJECT_DIR)/Carthage/Build/iOS",
				);
				INFOPLIST_FILE = Info.plist;
				LD_RUNPATH_SEARCH_PATHS = (
					"$(inherited)",
					"@executable_path/Frameworks",
				);
				PRODUCT_BUNDLE_IDENTIFIER = com.authguidance.mobilewebview;
				PRODUCT_NAME = Demo;
				SWIFT_VERSION = 5.0;
				TARGETED_DEVICE_FAMILY = "1,2";
			};
			name = Debug;
		};
		4E57F7932490F17A00ED60E5 /* Release */ = {
			isa = XCBuildConfiguration;
			buildSettings = {
				ASSETCATALOG_COMPILER_APPICON_NAME = AppIcon;
				CODE_SIGN_STYLE = Automatic;
				DEVELOPMENT_ASSET_PATHS = "\"Preview Content\"";
				ENABLE_PREVIEWS = YES;
				FRAMEWORK_SEARCH_PATHS = (
					"$(inherited)",
					"$(PROJECT_DIR)/Carthage/Build/iOS",
				);
				INFOPLIST_FILE = Info.plist;
				LD_RUNPATH_SEARCH_PATHS = (
					"$(inherited)",
					"@executable_path/Frameworks",
				);
				PRODUCT_BUNDLE_IDENTIFIER = com.authguidance.mobilewebview;
				PRODUCT_NAME = Demo;
				SWIFT_VERSION = 5.0;
				TARGETED_DEVICE_FAMILY = "1,2";
			};
			name = Release;
		};
/* End XCBuildConfiguration section */

/* Begin XCConfigurationList section */
		4E57F7782490F17900ED60E5 /* Build configuration list for PBXProject "mobilewebview" */ = {
			isa = XCConfigurationList;
			buildConfigurations = (
				4E57F78F2490F17A00ED60E5 /* Debug */,
				4E57F7902490F17A00ED60E5 /* Release */,
			);
			defaultConfigurationIsVisible = 0;
			defaultConfigurationName = Release;
		};
		4E57F7912490F17A00ED60E5 /* Build configuration list for PBXNativeTarget "mobilewebview" */ = {
			isa = XCConfigurationList;
			buildConfigurations = (
				4E57F7922490F17A00ED60E5 /* Debug */,
				4E57F7932490F17A00ED60E5 /* Release */,
			);
			defaultConfigurationIsVisible = 0;
			defaultConfigurationName = Release;
		};
/* End XCConfigurationList section */
	};
	rootObject = 4E57F7752490F17900ED60E5 /* Project object */;
}
